
Microsoft Visual Studio Solution File, Format Version 12.00
# Visual Studio Version 17
VisualStudioVersion = 17.7.34221.43
MinimumVisualStudioVersion = 10.0.40219.1
Project("{FAE04EC0-301F-11D3-BF4B-00C04F79EFBC}") = "WinFormsApp1", "WinFormsApp1.csproj", "{F50AF2E5-B729-4100-8018-2D2420B8B8B5}"
EndProject
Global
	GlobalSection(SolutionConfigurationPlatforms) = preSolution
		Debug|Any CPU = Debug|Any CPU
		Release|Any CPU = Release|Any CPU
	EndGlobalSection
	GlobalSection(ProjectConfigurationPlatforms) = postSolution
		{F50AF2E5-B729-4100-8018-2D2420B8B8B5}.Debug|Any CPU.ActiveCfg = Debug|Any CPU
		{F50AF2E5-B729-4100-8018-2D2420B8B8B5}.Debug|Any CPU.Build.0 = Debug|Any CPU
		{F50AF2E5-B729-4100-8018-2D2420B8B8B5}.Release|Any CPU.ActiveCfg = Release|Any CPU
		{F50AF2E5-B729-4100-8018-2D2420B8B8B5}.Release|Any CPU.Build.0 = Release|Any CPU
	EndGlobalSection
	GlobalSection(SolutionProperties) = preSolution
		HideSolutionNode = FALSE
	EndGlobalSection
	GlobalSection(ExtensibilityGlobals) = postSolution
		SolutionGuid = {8035687F-810C-4E47-89C1-59DC28877C74}
	EndGlobalSection
EndGlobal
